
Microsoft Visual Studio Solution File, Format Version 12.00
# Visual Studio Version 17
VisualStudioVersion = 17.0.31903.59
MinimumVisualStudioVersion = 10.0.40219.1
Project("{2150E333-8FDC-42A3-9474-1A3956D46DE8}") = "src", "src", "{827E0CD3-B72D-47B6-A68D-7590B98EB39B}"
EndProject
Project("{FAE04EC0-301F-11D3-BF4B-00C04F79EFBC}") = "Trips.Api", "src\Trips.Api\Trips.Api.csproj", "{EC8D0BAF-26F5-435D-B31E-D546C34CCCDC}"
EndProject
Project("{FAE04EC0-301F-11D3-BF4B-00C04F79EFBC}") = "Trips.Core", "src\Trips.Core\Trips.Core.csproj", "{0C69A422-933C-4D1D-BAD8-6E1B9D186E73}"
EndProject
Project("{FAE04EC0-301F-11D3-BF4B-00C04F79EFBC}") = "Trips.Data", "src\Trips.Data\Trips.Data.csproj", "{F66FFE5F-42C9-4C53-9848-ADA99AB20483}"
EndProject
Project("{FAE04EC0-301F-11D3-BF4B-00C04F79EFBC}") = "Trips.Optimisation", "src\Trips.Optimisation\Trips.Optimisation.csproj", "{8B27277F-436B-4386-B24D-92A171B86077}"
EndProject
Project("{FAE04EC0-301F-11D3-BF4B-00C04F79EFBC}") = "Trips.Integrations", "src\Trips.Integrations\Trips.Integrations.csproj", "{B3E43951-0A2D-4112-9C2E-B44013FC0D4A}"
EndProject
Project("{FAE04EC0-301F-11D3-BF4B-00C04F79EFBC}") = "Trips.Realtime", "src\Trips.Realtime\Trips.Realtime.csproj", "{EAD0FACF-25E6-4179-9209-A3F0EF7F26CD}"
EndProject
Project("{2150E333-8FDC-42A3-9474-1A3956D46DE8}") = "tests", "tests", "{0AB3BF05-4346-4AA6-1389-037BE0695223}"
EndProject
Project("{FAE04EC0-301F-11D3-BF4B-00C04F79EFBC}") = "Trips.Core.Tests", "tests\Trips.Core.Tests\Trips.Core.Tests.csproj", "{8F35C1AE-1FA2-44EF-8C48-205D121B0E8C}"
EndProject
Project("{FAE04EC0-301F-11D3-BF4B-00C04F79EFBC}") = "Trips.Data.Tests", "tests\Trips.Data.Tests\Trips.Data.Tests.csproj", "{2B2B2DBB-A46F-4C48-882D-B9A536626936}"
EndProject
Project("{FAE04EC0-301F-11D3-BF4B-00C04F79EFBC}") = "Trips.Optimisation.Tests", "tests\Trips.Optimisation.Tests\Trips.Optimisation.Tests.csproj", "{C53311DA-1BB4-4220-B55A-5C7E39934070}"
EndProject
Project("{FAE04EC0-301F-11D3-BF4B-00C04F79EFBC}") = "Trips.Integrations.Tests", "tests\Trips.Integrations.Tests\Trips.Integrations.Tests.csproj", "{BC5D4552-1E18-4753-8EE6-833559A8B7D9}"
EndProject
Project("{FAE04EC0-301F-11D3-BF4B-00C04F79EFBC}") = "Trips.Api.Tests", "tests\Trips.Api.Tests\Trips.Api.Tests.csproj", "{336D323C-5B75-489B-B87B-766A19A508FA}"
EndProject
Project("{2150E333-8FDC-42A3-9474-1A3956D46DE8}") = "bench", "bench", "{760AB15A-8938-8D9B-BEDE-5CE1484B84C3}"
EndProject
Project("{FAE04EC0-301F-11D3-BF4B-00C04F79EFBC}") = "Trips.Bench", "bench\Trips.Bench\Trips.Bench.csproj", "{A052E6FB-844B-4011-9037-B3C58B635487}"
EndProject
Global
	GlobalSection(SolutionConfigurationPlatforms) = preSolution
		Debug|Any CPU = Debug|Any CPU
		Debug|x64 = Debug|x64
		Debug|x86 = Debug|x86
		Release|Any CPU = Release|Any CPU
		Release|x64 = Release|x64
		Release|x86 = Release|x86
	EndGlobalSection
	GlobalSection(ProjectConfigurationPlatforms) = postSolution
		{EC8D0BAF-26F5-435D-B31E-D546C34CCCDC}.Debug|Any CPU.ActiveCfg = Debug|Any CPU
		{EC8D0BAF-26F5-435D-B31E-D546C34CCCDC}.Debug|Any CPU.Build.0 = Debug|Any CPU
		{EC8D0BAF-26F5-435D-B31E-D546C34CCCDC}.Debug|x64.ActiveCfg = Debug|Any CPU
		{EC8D0BAF-26F5-435D-B31E-D546C34CCCDC}.Debug|x64.Build.0 = Debug|Any CPU
		{EC8D0BAF-26F5-435D-B31E-D546C34CCCDC}.Debug|x86.ActiveCfg = Debug|Any CPU
		{EC8D0BAF-26F5-435D-B31E-D546C34CCCDC}.Debug|x86.Build.0 = Debug|Any CPU
		{EC8D0BAF-26F5-435D-B31E-D546C34CCCDC}.Release|Any CPU.ActiveCfg = Release|Any CPU
		{EC8D0BAF-26F5-435D-B31E-D546C34CCCDC}.Release|Any CPU.Build.0 = Release|Any CPU
		{EC8D0BAF-26F5-435D-B31E-D546C34CCCDC}.Release|x64.ActiveCfg = Release|Any CPU
		{EC8D0BAF-26F5-435D-B31E-D546C34CCCDC}.Release|x64.Build.0 = Release|Any CPU
		{EC8D0BAF-26F5-435D-B31E-D546C34CCCDC}.Release|x86.ActiveCfg = Release|Any CPU
		{EC8D0BAF-26F5-435D-B31E-D546C34CCCDC}.Release|x86.Build.0 = Release|Any CPU
		{0C69A422-933C-4D1D-BAD8-6E1B9D186E73}.Debug|Any CPU.ActiveCfg = Debug|Any CPU
		{0C69A422-933C-4D1D-BAD8-6E1B9D186E73}.Debug|Any CPU.Build.0 = Debug|Any CPU
		{0C69A422-933C-4D1D-BAD8-6E1B9D186E73}.Debug|x64.ActiveCfg = Debug|Any CPU
		{0C69A422-933C-4D1D-BAD8-6E1B9D186E73}.Debug|x64.Build.0 = Debug|Any CPU
		{0C69A422-933C-4D1D-BAD8-6E1B9D186E73}.Debug|x86.ActiveCfg = Debug|Any CPU
		{0C69A422-933C-4D1D-BAD8-6E1B9D186E73}.Debug|x86.Build.0 = Debug|Any CPU
		{0C69A422-933C-4D1D-BAD8-6E1B9D186E73}.Release|Any CPU.ActiveCfg = Release|Any CPU
		{0C69A422-933C-4D1D-BAD8-6E1B9D186E73}.Release|Any CPU.Build.0 = Release|Any CPU
		{0C69A422-933C-4D1D-BAD8-6E1B9D186E73}.Release|x64.ActiveCfg = Release|Any CPU
		{0C69A422-933C-4D1D-BAD8-6E1B9D186E73}.Release|x64.Build.0 = Release|Any CPU
		{0C69A422-933C-4D1D-BAD8-6E1B9D186E73}.Release|x86.ActiveCfg = Release|Any CPU
		{0C69A422-933C-4D1D-BAD8-6E1B9D186E73}.Release|x86.Build.0 = Release|Any CPU
		{F66FFE5F-42C9-4C53-9848-ADA99AB20483}.Debug|Any CPU.ActiveCfg = Debug|Any CPU
		{F66FFE5F-42C9-4C53-9848-ADA99AB20483}.Debug|Any CPU.Build.0 = Debug|Any CPU
		{F66FFE5F-42C9-4C53-9848-ADA99AB20483}.Debug|x64.ActiveCfg = Debug|Any CPU
		{F66FFE5F-42C9-4C53-9848-ADA99AB20483}.Debug|x64.Build.0 = Debug|Any CPU
		{F66FFE5F-42C9-4C53-9848-ADA99AB20483}.Debug|x86.ActiveCfg = Debug|Any CPU
		{F66FFE5F-42C9-4C53-9848-ADA99AB20483}.Debug|x86.Build.0 = Debug|Any CPU
		{F66FFE5F-42C9-4C53-9848-ADA99AB20483}.Release|Any CPU.ActiveCfg = Release|Any CPU
		{F66FFE5F-42C9-4C53-9848-ADA99AB20483}.Release|Any CPU.Build.0 = Release|Any CPU
		{F66FFE5F-42C9-4C53-9848-ADA99AB20483}.Release|x64.ActiveCfg = Release|Any CPU
		{F66FFE5F-42C9-4C53-9848-ADA99AB20483}.Release|x64.Build.0 = Release|Any CPU
		{F66FFE5F-42C9-4C53-9848-ADA99AB20483}.Release|x86.ActiveCfg = Release|Any CPU
		{F66FFE5F-42C9-4C53-9848-ADA99AB20483}.Release|x86.Build.0 = Release|Any CPU
		{8B27277F-436B-4386-B24D-92A171B86077}.Debug|Any CPU.ActiveCfg = Debug|Any CPU
		{8B27277F-436B-4386-B24D-92A171B86077}.Debug|Any CPU.Build.0 = Debug|Any CPU
		{8B27277F-436B-4386-B24D-92A171B86077}.Debug|x64.ActiveCfg = Debug|Any CPU
		{8B27277F-436B-4386-B24D-92A171B86077}.Debug|x64.Build.0 = Debug|Any CPU
		{8B27277F-436B-4386-B24D-92A171B86077}.Debug|x86.ActiveCfg = Debug|Any CPU
		{8B27277F-436B-4386-B24D-92A171B86077}.Debug|x86.Build.0 = Debug|Any CPU
		{8B27277F-436B-4386-B24D-92A171B86077}.Release|Any CPU.ActiveCfg = Release|Any CPU
		{8B27277F-436B-4386-B24D-92A171B86077}.Release|Any CPU.Build.0 = Release|Any CPU
		{8B27277F-436B-4386-B24D-92A171B86077}.Release|x64.ActiveCfg = Release|Any CPU
		{8B27277F-436B-4386-B24D-92A171B86077}.Release|x64.Build.0 = Release|Any CPU
		{8B27277F-436B-4386-B24D-92A171B86077}.Release|x86.ActiveCfg = Release|Any CPU
		{8B27277F-436B-4386-B24D-92A171B86077}.Release|x86.Build.0 = Release|Any CPU
		{B3E43951-0A2D-4112-9C2E-B44013FC0D4A}.Debug|Any CPU.ActiveCfg = Debug|Any CPU
		{B3E43951-0A2D-4112-9C2E-B44013FC0D4A}.Debug|Any CPU.Build.0 = Debug|Any CPU
		{B3E43951-0A2D-4112-9C2E-B44013FC0D4A}.Debug|x64.ActiveCfg = Debug|Any CPU
		{B3E43951-0A2D-4112-9C2E-B44013FC0D4A}.Debug|x64.Build.0 = Debug|Any CPU
		{B3E43951-0A2D-4112-9C2E-B44013FC0D4A}.Debug|x86.ActiveCfg = Debug|Any CPU
		{B3E43951-0A2D-4112-9C2E-B44013FC0D4A}.Debug|x86.Build.0 = Debug|Any CPU
		{B3E43951-0A2D-4112-9C2E-B44013FC0D4A}.Release|Any CPU.ActiveCfg = Release|Any CPU
		{B3E43951-0A2D-4112-9C2E-B44013FC0D4A}.Release|Any CPU.Build.0 = Release|Any CPU
		{B3E43951-0A2D-4112-9C2E-B44013FC0D4A}.Release|x64.ActiveCfg = Release|Any CPU
		{B3E43951-0A2D-4112-9C2E-B44013FC0D4A}.Release|x64.Build.0 = Release|Any CPU
		{B3E43951-0A2D-4112-9C2E-B44013FC0D4A}.Release|x86.ActiveCfg = Release|Any CPU
		{B3E43951-0A2D-4112-9C2E-B44013FC0D4A}.Release|x86.Build.0 = Release|Any CPU
		{EAD0FACF-25E6-4179-9209-A3F0EF7F26CD}.Debug|Any CPU.ActiveCfg = Debug|Any CPU
		{EAD0FACF-25E6-4179-9209-A3F0EF7F26CD}.Debug|Any CPU.Build.0 = Debug|Any CPU
		{EAD0FACF-25E6-4179-9209-A3F0EF7F26CD}.Debug|x64.ActiveCfg = Debug|Any CPU
		{EAD0FACF-25E6-4179-9209-A3F0EF7F26CD}.Debug|x64.Build.0 = Debug|Any CPU
		{EAD0FACF-25E6-4179-9209-A3F0EF7F26CD}.Debug|x86.ActiveCfg = Debug|Any CPU
		{EAD0FACF-25E6-4179-9209-A3F0EF7F26CD}.Debug|x86.Build.0 = Debug|Any CPU
		{EAD0FACF-25E6-4179-9209-A3F0EF7F26CD}.Release|Any CPU.ActiveCfg = Release|Any CPU
		{EAD0FACF-25E6-4179-9209-A3F0EF7F26CD}.Release|Any CPU.Build.0 = Release|Any CPU
		{EAD0FACF-25E6-4179-9209-A3F0EF7F26CD}.Release|x64.ActiveCfg = Release|Any CPU
		{EAD0FACF-25E6-4179-9209-A3F0EF7F26CD}.Release|x64.Build.0 = Release|Any CPU
		{EAD0FACF-25E6-4179-9209-A3F0EF7F26CD}.Release|x86.ActiveCfg = Release|Any CPU
		{EAD0FACF-25E6-4179-9209-A3F0EF7F26CD}.Release|x86.Build.0 = Release|Any CPU
		{8F35C1AE-1FA2-44EF-8C48-205D121B0E8C}.Debug|Any CPU.ActiveCfg = Debug|Any CPU
		{8F35C1AE-1FA2-44EF-8C48-205D121B0E8C}.Debug|Any CPU.Build.0 = Debug|Any CPU
		{8F35C1AE-1FA2-44EF-8C48-205D121B0E8C}.Debug|x64.ActiveCfg = Debug|Any CPU
		{8F35C1AE-1FA2-44EF-8C48-205D121B0E8C}.Debug|x64.Build.0 = Debug|Any CPU
		{8F35C1AE-1FA2-44EF-8C48-205D121B0E8C}.Debug|x86.ActiveCfg = Debug|Any CPU
		{8F35C1AE-1FA2-44EF-8C48-205D121B0E8C}.Debug|x86.Build.0 = Debug|Any CPU
		{8F35C1AE-1FA2-44EF-8C48-205D121B0E8C}.Release|Any CPU.ActiveCfg = Release|Any CPU
		{8F35C1AE-1FA2-44EF-8C48-205D121B0E8C}.Release|Any CPU.Build.0 = Release|Any CPU
		{8F35C1AE-1FA2-44EF-8C48-205D121B0E8C}.Release|x64.ActiveCfg = Release|Any CPU
		{8F35C1AE-1FA2-44EF-8C48-205D121B0E8C}.Release|x64.Build.0 = Release|Any CPU
		{8F35C1AE-1FA2-44EF-8C48-205D121B0E8C}.Release|x86.ActiveCfg = Release|Any CPU
		{8F35C1AE-1FA2-44EF-8C48-205D121B0E8C}.Release|x86.Build.0 = Release|Any CPU
		{2B2B2DBB-A46F-4C48-882D-B9A536626936}.Debug|Any CPU.ActiveCfg = Debug|Any CPU
		{2B2B2DBB-A46F-4C48-882D-B9A536626936}.Debug|Any CPU.Build.0 = Debug|Any CPU
		{2B2B2DBB-A46F-4C48-882D-B9A536626936}.Debug|x64.ActiveCfg = Debug|Any CPU
		{2B2B2DBB-A46F-4C48-882D-B9A536626936}.Debug|x64.Build.0 = Debug|Any CPU
		{2B2B2DBB-A46F-4C48-882D-B9A536626936}.Debug|x86.ActiveCfg = Debug|Any CPU
		{2B2B2DBB-A46F-4C48-882D-B9A536626936}.Debug|x86.Build.0 = Debug|Any CPU
		{2B2B2DBB-A46F-4C48-882D-B9A536626936}.Release|Any CPU.ActiveCfg = Release|Any CPU
		{2B2B2DBB-A46F-4C48-882D-B9A536626936}.Release|Any CPU.Build.0 = Release|Any CPU
		{2B2B2DBB-A46F-4C48-882D-B9A536626936}.Release|x64.ActiveCfg = Release|Any CPU
		{2B2B2DBB-A46F-4C48-882D-B9A536626936}.Release|x64.Build.0 = Release|Any CPU
		{2B2B2DBB-A46F-4C48-882D-B9A536626936}.Release|x86.ActiveCfg = Release|Any CPU
		{2B2B2DBB-A46F-4C48-882D-B9A536626936}.Release|x86.Build.0 = Release|Any CPU
		{C53311DA-1BB4-4220-B55A-5C7E39934070}.Debug|Any CPU.ActiveCfg = Debug|Any CPU
		{C53311DA-1BB4-4220-B55A-5C7E39934070}.Debug|Any CPU.Build.0 = Debug|Any CPU
		{C53311DA-1BB4-4220-B55A-5C7E39934070}.Debug|x64.ActiveCfg = Debug|Any CPU
		{C53311DA-1BB4-4220-B55A-5C7E39934070}.Debug|x64.Build.0 = Debug|Any CPU
		{C53311DA-1BB4-4220-B55A-5C7E39934070}.Debug|x86.ActiveCfg = Debug|Any CPU
		{C53311DA-1BB4-4220-B55A-5C7E39934070}.Debug|x86.Build.0 = Debug|Any CPU
		{C53311DA-1BB4-4220-B55A-5C7E39934070}.Release|Any CPU.ActiveCfg = Release|Any CPU
		{C53311DA-1BB4-4220-B55A-5C7E39934070}.Release|Any CPU.Build.0 = Release|Any CPU
		{C53311DA-1BB4-4220-B55A-5C7E39934070}.Release|x64.ActiveCfg = Release|Any CPU
		{C53311DA-1BB4-4220-B55A-5C7E39934070}.Release|x64.Build.0 = Release|Any CPU
		{C53311DA-1BB4-4220-B55A-5C7E39934070}.Release|x86.ActiveCfg = Release|Any CPU
		{C53311DA-1BB4-4220-B55A-5C7E39934070}.Release|x86.Build.0 = Release|Any CPU
		{BC5D4552-1E18-4753-8EE6-833559A8B7D9}.Debug|Any CPU.ActiveCfg = Debug|Any CPU
		{BC5D4552-1E18-4753-8EE6-833559A8B7D9}.Debug|Any CPU.Build.0 = Debug|Any CPU
		{BC5D4552-1E18-4753-8EE6-833559A8B7D9}.Debug|x64.ActiveCfg = Debug|Any CPU
		{BC5D4552-1E18-4753-8EE6-833559A8B7D9}.Debug|x64.Build.0 = Debug|Any CPU
		{BC5D4552-1E18-4753-8EE6-833559A8B7D9}.Debug|x86.ActiveCfg = Debug|Any CPU
		{BC5D4552-1E18-4753-8EE6-833559A8B7D9}.Debug|x86.Build.0 = Debug|Any CPU
		{BC5D4552-1E18-4753-8EE6-833559A8B7D9}.Release|Any CPU.ActiveCfg = Release|Any CPU
		{BC5D4552-1E18-4753-8EE6-833559A8B7D9}.Release|Any CPU.Build.0 = Release|Any CPU
		{BC5D4552-1E18-4753-8EE6-833559A8B7D9}.Release|x64.ActiveCfg = Release|Any CPU
		{BC5D4552-1E18-4753-8EE6-833559A8B7D9}.Release|x64.Build.0 = Release|Any CPU
		{BC5D4552-1E18-4753-8EE6-833559A8B7D9}.Release|x86.ActiveCfg = Release|Any CPU
		{BC5D4552-1E18-4753-8EE6-833559A8B7D9}.Release|x86.Build.0 = Release|Any CPU
		{336D323C-5B75-489B-B87B-766A19A508FA}.Debug|Any CPU.ActiveCfg = Debug|Any CPU
		{336D323C-5B75-489B-B87B-766A19A508FA}.Debug|Any CPU.Build.0 = Debug|Any CPU
		{336D323C-5B75-489B-B87B-766A19A508FA}.Debug|x64.ActiveCfg = Debug|Any CPU
		{336D323C-5B75-489B-B87B-766A19A508FA}.Debug|x64.Build.0 = Debug|Any CPU
		{336D323C-5B75-489B-B87B-766A19A508FA}.Debug|x86.ActiveCfg = Debug|Any CPU
		{336D323C-5B75-489B-B87B-766A19A508FA}.Debug|x86.Build.0 = Debug|Any CPU
		{336D323C-5B75-489B-B87B-766A19A508FA}.Release|Any CPU.ActiveCfg = Release|Any CPU
		{336D323C-5B75-489B-B87B-766A19A508FA}.Release|Any CPU.Build.0 = Release|Any CPU
		{336D323C-5B75-489B-B87B-766A19A508FA}.Release|x64.ActiveCfg = Release|Any CPU
		{336D323C-5B75-489B-B87B-766A19A508FA}.Release|x64.Build.0 = Release|Any CPU
		{336D323C-5B75-489B-B87B-766A19A508FA}.Release|x86.ActiveCfg = Release|Any CPU
		{336D323C-5B75-489B-B87B-766A19A508FA}.Release|x86.Build.0 = Release|Any CPU
		{A052E6FB-844B-4011-9037-B3C58B635487}.Debug|Any CPU.ActiveCfg = Debug|Any CPU
		{A052E6FB-844B-4011-9037-B3C58B635487}.Debug|Any CPU.Build.0 = Debug|Any CPU
		{A052E6FB-844B-4011-9037-B3C58B635487}.Debug|x64.ActiveCfg = Debug|Any CPU
		{A052E6FB-844B-4011-9037-B3C58B635487}.Debug|x64.Build.0 = Debug|Any CPU
		{A052E6FB-844B-4011-9037-B3C58B635487}.Debug|x86.ActiveCfg = Debug|Any CPU
		{A052E6FB-844B-4011-9037-B3C58B635487}.Debug|x86.Build.0 = Debug|Any CPU
		{A052E6FB-844B-4011-9037-B3C58B635487}.Release|Any CPU.ActiveCfg = Release|Any CPU
		{A052E6FB-844B-4011-9037-B3C58B635487}.Release|Any CPU.Build.0 = Release|Any CPU
		{A052E6FB-844B-4011-9037-B3C58B635487}.Release|x64.ActiveCfg = Release|Any CPU
		{A052E6FB-844B-4011-9037-B3C58B635487}.Release|x64.Build.0 = Release|Any CPU
		{A052E6FB-844B-4011-9037-B3C58B635487}.Release|x86.ActiveCfg = Release|Any CPU
		{A052E6FB-844B-4011-9037-B3C58B635487}.Release|x86.Build.0 = Release|Any CPU
	EndGlobalSection
	GlobalSection(SolutionProperties) = preSolution
		HideSolutionNode = FALSE
	EndGlobalSection
	GlobalSection(NestedProjects) = preSolution
		{EC8D0BAF-26F5-435D-B31E-D546C34CCCDC} = {827E0CD3-B72D-47B6-A68D-7590B98EB39B}
		{0C69A422-933C-4D1D-BAD8-6E1B9D186E73} = {827E0CD3-B72D-47B6-A68D-7590B98EB39B}
		{F66FFE5F-42C9-4C53-9848-ADA99AB20483} = {827E0CD3-B72D-47B6-A68D-7590B98EB39B}
		{8B27277F-436B-4386-B24D-92A171B86077} = {827E0CD3-B72D-47B6-A68D-7590B98EB39B}
		{B3E43951-0A2D-4112-9C2E-B44013FC0D4A} = {827E0CD3-B72D-47B6-A68D-7590B98EB39B}
		{EAD0FACF-25E6-4179-9209-A3F0EF7F26CD} = {827E0CD3-B72D-47B6-A68D-7590B98EB39B}
		{8F35C1AE-1FA2-44EF-8C48-205D121B0E8C} = {0AB3BF05-4346-4AA6-1389-037BE0695223}
		{2B2B2DBB-A46F-4C48-882D-B9A536626936} = {0AB3BF05-4346-4AA6-1389-037BE0695223}
		{C53311DA-1BB4-4220-B55A-5C7E39934070} = {0AB3BF05-4346-4AA6-1389-037BE0695223}
		{BC5D4552-1E18-4753-8EE6-833559A8B7D9} = {0AB3BF05-4346-4AA6-1389-037BE0695223}
		{336D323C-5B75-489B-B87B-766A19A508FA} = {0AB3BF05-4346-4AA6-1389-037BE0695223}
		{A052E6FB-844B-4011-9037-B3C58B635487} = {760AB15A-8938-8D9B-BEDE-5CE1484B84C3}
	EndGlobalSection
EndGlobal
